
Microsoft Visual Studio Solution File, Format Version 12.00
# Visual Studio 15
VisualStudioVersion = 15.0.28010.2026
MinimumVisualStudioVersion = 10.0.40219.1
Project("{FAE04EC0-301F-11D3-BF4B-00C04F79EFBC}") = "WiseTechGlobalTask1", "WiseTechGlobalTask1\WiseTechGlobalTask1.csproj", "{07681DA7-6460-41D3-9D85-8622D71C9FC4}"
EndProject
Global
	GlobalSection(SolutionConfigurationPlatforms) = preSolution
		Debug|Any CPU = Debug|Any CPU
		Release|Any CPU = Release|Any CPU
	EndGlobalSection
	GlobalSection(ProjectConfigurationPlatforms) = postSolution
		{07681DA7-6460-41D3-9D85-8622D71C9FC4}.Debug|Any CPU.ActiveCfg = Debug|Any CPU
		{07681DA7-6460-41D3-9D85-8622D71C9FC4}.Debug|Any CPU.Build.0 = Debug|Any CPU
		{07681DA7-6460-41D3-9D85-8622D71C9FC4}.Release|Any CPU.ActiveCfg = Release|Any CPU
		{07681DA7-6460-41D3-9D85-8622D71C9FC4}.Release|Any CPU.Build.0 = Release|Any CPU
	EndGlobalSection
	GlobalSection(SolutionProperties) = preSolution
		HideSolutionNode = FALSE
	EndGlobalSection
	GlobalSection(ExtensibilityGlobals) = postSolution
		SolutionGuid = {67E5B3D0-DBFE-432F-9EA8-D4FDB675962F}
	EndGlobalSection
EndGlobal
